
Microsoft Visual Studio Solution File, Format Version 12.00
# Visual Studio Express 15 for Windows Desktop
VisualStudioVersion = 15.0.35826.109
MinimumVisualStudioVersion = 10.0.40219.1
Project("{FAE04EC0-301F-11D3-BF4B-00C04F79EFBC}") = "StudentCRUD", "StudentCRUD\StudentCRUD.csproj", "{5DF7E052-FCA3-4BFD-97BC-942B8ECC4029}"
EndProject
Global
	GlobalSection(SolutionConfigurationPlatforms) = preSolution
		Debug|Any CPU = Debug|Any CPU
		Release|Any CPU = Release|Any CPU
	EndGlobalSection
	GlobalSection(ProjectConfigurationPlatforms) = postSolution
		{5DF7E052-FCA3-4BFD-97BC-942B8ECC4029}.Debug|Any CPU.ActiveCfg = Debug|Any CPU
		{5DF7E052-FCA3-4BFD-97BC-942B8ECC4029}.Debug|Any CPU.Build.0 = Debug|Any CPU
		{5DF7E052-FCA3-4BFD-97BC-942B8ECC4029}.Release|Any CPU.ActiveCfg = Release|Any CPU
		{5DF7E052-FCA3-4BFD-97BC-942B8ECC4029}.Release|Any CPU.Build.0 = Release|Any CPU
	EndGlobalSection
	GlobalSection(SolutionProperties) = preSolution
		HideSolutionNode = FALSE
	EndGlobalSection
	GlobalSection(ExtensibilityGlobals) = postSolution
		SolutionGuid = {BFB04525-71B3-4E9A-8C30-5307E643ADC1}
	EndGlobalSection
EndGlobal
